// !$*UTF8*$!
{
	archiveVersion = 1;
	classes = {
	};
	objectVersion = 46;
	objects = {

/* Begin PBXBuildFile section */
		06C2E2AB508DF88766BDA3F2 /* libPods.a in Frameworks */ = {isa = PBXBuildFile; fileRef = 5EA1D627614CA4FF9B2E3D7B /* libPods.a */; };
		7A0EFDF81C3356BA00C7D4D0 /* main.m in Sources */ = {isa = PBXBuildFile; fileRef = 7A0EFDF71C3356BA00C7D4D0 /* main.m */; };
		7A0EFDFB1C3356BA00C7D4D0 /* AppDelegate.m in Sources */ = {isa = PBXBuildFile; fileRef = 7A0EFDFA1C3356BA00C7D4D0 /* AppDelegate.m */; };
		7A0EFDFD1C3356BA00C7D4D0 /* Assets.xcassets in Resources */ = {isa = PBXBuildFile; fileRef = 7A0EFDFC1C3356BA00C7D4D0 /* Assets.xcassets */; };
		7A0EFE001C3356BA00C7D4D0 /* LaunchScreen.storyboard in Resources */ = {isa = PBXBuildFile; fileRef = 7A0EFDFE1C3356BA00C7D4D0 /* LaunchScreen.storyboard */; };
		7A0EFE4A1C33AB7600C7D4D0 /* OneTableViewCell.m in Sources */ = {isa = PBXBuildFile; fileRef = 7A0EFE431C33AB7600C7D4D0 /* OneTableViewCell.m */; };
		7A0EFE4B1C33AB7600C7D4D0 /* OneViewController.m in Sources */ = {isa = PBXBuildFile; fileRef = 7A0EFE451C33AB7600C7D4D0 /* OneViewController.m */; };
		7A0EFE4C1C33AB7600C7D4D0 /* ThreeTableViewCell.m in Sources */ = {isa = PBXBuildFile; fileRef = 7A0EFE471C33AB7600C7D4D0 /* ThreeTableViewCell.m */; };
		7A0EFE4D1C33AB7600C7D4D0 /* TwoTableViewCell.m in Sources */ = {isa = PBXBuildFile; fileRef = 7A0EFE491C33AB7600C7D4D0 /* TwoTableViewCell.m */; };
		7A0EFE711C33B05700C7D4D0 /* 1.jpg in Resources */ = {isa = PBXBuildFile; fileRef = 7A0EFE6C1C33B05700C7D4D0 /* 1.jpg */; };
		7A0EFE721C33B05700C7D4D0 /* 2.jpg in Resources */ = {isa = PBXBuildFile; fileRef = 7A0EFE6D1C33B05700C7D4D0 /* 2.jpg */; };
		7A0EFE731C33B05700C7D4D0 /* 3.jpg in Resources */ = {isa = PBXBuildFile; fileRef = 7A0EFE6E1C33B05700C7D4D0 /* 3.jpg */; };
		7A0EFE741C33B05700C7D4D0 /* 4.jpg in Resources */ = {isa = PBXBuildFile; fileRef = 7A0EFE6F1C33B05700C7D4D0 /* 4.jpg */; };
		7A0EFE751C33B05700C7D4D0 /* 5.jpg in Resources */ = {isa = PBXBuildFile; fileRef = 7A0EFE701C33B05700C7D4D0 /* 5.jpg */; };
/* End PBXBuildFile section */

/* Begin PBXFileReference section */
		4F09388963205E552395E40A /* Pods.release.xcconfig */ = {isa = PBXFileReference; includeInIndex = 1; lastKnownFileType = text.xcconfig; name = Pods.release.xcconfig; path = "Pods/Target Support Files/Pods/Pods.release.xcconfig"; sourceTree = "<group>"; };
		5EA1D627614CA4FF9B2E3D7B /* libPods.a */ = {isa = PBXFileReference; explicitFileType = archive.ar; includeInIndex = 0; path = libPods.a; sourceTree = BUILT_PRODUCTS_DIR; };
		782C9E2E31B5855B3600F787 /* Pods.debug.xcconfig */ = {isa = PBXFileReference; includeInIndex = 1; lastKnownFileType = text.xcconfig; name = Pods.debug.xcconfig; path = "Pods/Target Support Files/Pods/Pods.debug.xcconfig"; sourceTree = "<group>"; };
		7A0EFDF31C3356BA00C7D4D0 /* WangYi.app */ = {isa = PBXFileReference; explicitFileType = wrapper.application; includeInIndex = 0; path = WangYi.app; sourceTree = BUILT_PRODUCTS_DIR; };
		7A0EFDF71C3356BA00C7D4D0 /* main.m */ = {isa = PBXFileReference; lastKnownFileType = sourcecode.c.objc; path = main.m; sourceTree = "<group>"; };
		7A0EFDF91C3356BA00C7D4D0 /* AppDelegate.h */ = {isa = PBXFileReference; lastKnownFileType = sourcecode.c.h; path = AppDelegate.h; sourceTree = "<group>"; };
		7A0EFDFA1C3356BA00C7D4D0 /* AppDelegate.m */ = {isa = PBXFileReference; lastKnownFileType = sourcecode.c.objc; path = AppDelegate.m; sourceTree = "<group>"; };
		7A0EFDFC1C3356BA00C7D4D0 /* Assets.xcassets */ = {isa = PBXFileReference; lastKnownFileType = folder.assetcatalog; path = Assets.xcassets; sourceTree = "<group>"; };
		7A0EFDFF1C3356BA00C7D4D0 /* Base */ = {isa = PBXFileReference; lastKnownFileType = file.storyboard; name = Base; path = Base.lproj/LaunchScreen.storyboard; sourceTree = "<group>"; };
		7A0EFE011C3356BA00C7D4D0 /* Info.plist */ = {isa = PBXFileReference; lastKnownFileType = text.plist.xml; path = Info.plist; sourceTree = "<group>"; };
		7A0EFE421C33AB7600C7D4D0 /* OneTableViewCell.h */ = {isa = PBXFileReference; fileEncoding = 4; lastKnownFileType = sourcecode.c.h; path = OneTableViewCell.h; sourceTree = "<group>"; };
		7A0EFE431C33AB7600C7D4D0 /* OneTableViewCell.m */ = {isa = PBXFileReference; fileEncoding = 4; lastKnownFileType = sourcecode.c.objc; path = OneTableViewCell.m; sourceTree = "<group>"; };
		7A0EFE441C33AB7600C7D4D0 /* OneViewController.h */ = {isa = PBXFileReference; fileEncoding = 4; lastKnownFileType = sourcecode.c.h; path = OneViewController.h; sourceTree = "<group>"; };
		7A0EFE451C33AB7600C7D4D0 /* OneViewController.m */ = {isa = PBXFileReference; fileEncoding = 4; lastKnownFileType = sourcecode.c.objc; path = OneViewController.m; sourceTree = "<group>"; };
		7A0EFE461C33AB7600C7D4D0 /* ThreeTableViewCell.h */ = {isa = PBXFileReference; fileEncoding = 4; lastKnownFileType = sourcecode.c.h; path = ThreeTableViewCell.h; sourceTree = "<group>"; };
		7A0EFE471C33AB7600C7D4D0 /* ThreeTableViewCell.m */ = {isa = PBXFileReference; fileEncoding = 4; lastKnownFileType = sourcecode.c.objc; path = ThreeTableViewCell.m; sourceTree = "<group>"; };
		7A0EFE481C33AB7600C7D4D0 /* TwoTableViewCell.h */ = {isa = PBXFileReference; fileEncoding = 4; lastKnownFileType = sourcecode.c.h; path = TwoTableViewCell.h; sourceTree = "<group>"; };
		7A0EFE491C33AB7600C7D4D0 /* TwoTableViewCell.m */ = {isa = PBXFileReference; fileEncoding = 4; lastKnownFileType = sourcecode.c.objc; path = TwoTableViewCell.m; sourceTree = "<group>"; };
		7A0EFE6C1C33B05700C7D4D0 /* 1.jpg */ = {isa = PBXFileReference; lastKnownFileType = image.jpeg; path = 1.jpg; sourceTree = "<group>"; };
		7A0EFE6D1C33B05700C7D4D0 /* 2.jpg */ = {isa = PBXFileReference; lastKnownFileType = image.jpeg; path = 2.jpg; sourceTree = "<group>"; };
		7A0EFE6E1C33B05700C7D4D0 /* 3.jpg */ = {isa = PBXFileReference; lastKnownFileType = image.jpeg; path = 3.jpg; sourceTree = "<group>"; };
		7A0EFE6F1C33B05700C7D4D0 /* 4.jpg */ = {isa = PBXFileReference; lastKnownFileType = image.jpeg; path = 4.jpg; sourceTree = "<group>"; };
		7A0EFE701C33B05700C7D4D0 /* 5.jpg */ = {isa = PBXFileReference; lastKnownFileType = image.jpeg; path = 5.jpg; sourceTree = "<group>"; };
/* End PBXFileReference section */

/* Begin PBXFrameworksBuildPhase section */
		7A0EFDF01C3356BA00C7D4D0 /* Frameworks */ = {
			isa = PBXFrameworksBuildPhase;
			buildActionMask = 2147483647;
			files = (
				06C2E2AB508DF88766BDA3F2 /* libPods.a in Frameworks */,
			);
			runOnlyForDeploymentPostprocessing = 0;
		};
/* End PBXFrameworksBuildPhase section */

/* Begin PBXGroup section */
		7A0EFDEA1C3356BA00C7D4D0 = {
			isa = PBXGroup;
			children = (
				7A0EFDF51C3356BA00C7D4D0 /* WangYi */,
				7A0EFDF41C3356BA00C7D4D0 /* Products */,
				E4C9C480409856409AA952F7 /* Pods */,
				D4AD1793333B9E49B2DA7138 /* Frameworks */,
			);
			sourceTree = "<group>";
		};
		7A0EFDF41C3356BA00C7D4D0 /* Products */ = {
			isa = PBXGroup;
			children = (
				7A0EFDF31C3356BA00C7D4D0 /* WangYi.app */,
			);
			name = Products;
			sourceTree = "<group>";
		};
		7A0EFDF51C3356BA00C7D4D0 /* WangYi */ = {
			isa = PBXGroup;
			children = (
				7A0EFE411C33AB7600C7D4D0 /* 张莉 */,
				7A0EFDF91C3356BA00C7D4D0 /* AppDelegate.h */,
				7A0EFDFA1C3356BA00C7D4D0 /* AppDelegate.m */,
				7A0EFDFC1C3356BA00C7D4D0 /* Assets.xcassets */,
				7A0EFDFE1C3356BA00C7D4D0 /* LaunchScreen.storyboard */,
				7A0EFE011C3356BA00C7D4D0 /* Info.plist */,
				7A0EFE6B1C33B05700C7D4D0 /* picture */,
				7A0EFDF61C3356BA00C7D4D0 /* Supporting Files */,
			);
			path = WangYi;
			sourceTree = "<group>";
		};
		7A0EFDF61C3356BA00C7D4D0 /* Supporting Files */ = {
			isa = PBXGroup;
			children = (
				7A0EFDF71C3356BA00C7D4D0 /* main.m */,
			);
			name = "Supporting Files";
			sourceTree = "<group>";
		};
		7A0EFE411C33AB7600C7D4D0 /* 张莉 */ = {
			isa = PBXGroup;
			children = (
				7A0EFE421C33AB7600C7D4D0 /* OneTableViewCell.h */,
				7A0EFE431C33AB7600C7D4D0 /* OneTableViewCell.m */,
				7A0EFE441C33AB7600C7D4D0 /* OneViewController.h */,
				7A0EFE451C33AB7600C7D4D0 /* OneViewController.m */,
				7A0EFE461C33AB7600C7D4D0 /* ThreeTableViewCell.h */,
				7A0EFE471C33AB7600C7D4D0 /* ThreeTableViewCell.m */,
				7A0EFE481C33AB7600C7D4D0 /* TwoTableViewCell.h */,
				7A0EFE491C33AB7600C7D4D0 /* TwoTableViewCell.m */,
			);
			path = "张莉";
			sourceTree = "<group>";
		};
		7A0EFE6B1C33B05700C7D4D0 /* picture */ = {
			isa = PBXGroup;
			children = (
				7A0EFE6C1C33B05700C7D4D0 /* 1.jpg */,
				7A0EFE6D1C33B05700C7D4D0 /* 2.jpg */,
				7A0EFE6E1C33B05700C7D4D0 /* 3.jpg */,
				7A0EFE6F1C33B05700C7D4D0 /* 4.jpg */,
				7A0EFE701C33B05700C7D4D0 /* 5.jpg */,
			);
			path = picture;
			sourceTree = "<group>";
		};
		D4AD1793333B9E49B2DA7138 /* Frameworks */ = {
			isa = PBXGroup;
			children = (
				5EA1D627614CA4FF9B2E3D7B /* libPods.a */,
			);
			name = Frameworks;
			sourceTree = "<group>";
		};
		E4C9C480409856409AA952F7 /* Pods */ = {
			isa = PBXGroup;
			children = (
				782C9E2E31B5855B3600F787 /* Pods.debug.xcconfig */,
				4F09388963205E552395E40A /* Pods.release.xcconfig */,
			);
			name = Pods;
			sourceTree = "<group>";
		};
/* End PBXGroup section */

/* Begin PBXNativeTarget section */
		7A0EFDF21C3356BA00C7D4D0 /* WangYi */ = {
			isa = PBXNativeTarget;
			buildConfigurationList = 7A0EFE041C3356BA00C7D4D0 /* Build configuration list for PBXNativeTarget "WangYi" */;
			buildPhases = (
				AEE1EF50B1E92AC3DF6FA830 /* Check Pods Manifest.lock */,
				7A0EFDEF1C3356BA00C7D4D0 /* Sources */,
				7A0EFDF01C3356BA00C7D4D0 /* Frameworks */,
				7A0EFDF11C3356BA00C7D4D0 /* Resources */,
				7D292BFC18A4F92B7DDA079E /* Embed Pods Frameworks */,
				9C5993B02CBB4F5B1DB8FD67 /* Copy Pods Resources */,
			);
			buildRules = (
			);
			dependencies = (
			);
			name = WangYi;
			productName = WangYi;
			productReference = 7A0EFDF31C3356BA00C7D4D0 /* WangYi.app */;
			productType = "com.apple.product-type.application";
		};
/* End PBXNativeTarget section */

/* Begin PBXProject section */
		7A0EFDEB1C3356BA00C7D4D0 /* Project object */ = {
			isa = PBXProject;
			attributes = {
				LastUpgradeCheck = 0720;
				ORGANIZATIONNAME = scjy;
				TargetAttributes = {
					7A0EFDF21C3356BA00C7D4D0 = {
						CreatedOnToolsVersion = 7.2;
					};
				};
			};
			buildConfigurationList = 7A0EFDEE1C3356BA00C7D4D0 /* Build configuration list for PBXProject "WangYi" */;
			compatibilityVersion = "Xcode 3.2";
			developmentRegion = English;
			hasScannedForEncodings = 0;
			knownRegions = (
				en,
				Base,
			);
			mainGroup = 7A0EFDEA1C3356BA00C7D4D0;
			productRefGroup = 7A0EFDF41C3356BA00C7D4D0 /* Products */;
			projectDirPath = "";
			projectRoot = "";
			targets = (
				7A0EFDF21C3356BA00C7D4D0 /* WangYi */,
			);
		};
/* End PBXProject section */

/* Begin PBXResourcesBuildPhase section */
		7A0EFDF11C3356BA00C7D4D0 /* Resources */ = {
			isa = PBXResourcesBuildPhase;
			buildActionMask = 2147483647;
			files = (
				7A0EFE741C33B05700C7D4D0 /* 4.jpg in Resources */,
				7A0EFE721C33B05700C7D4D0 /* 2.jpg in Resources */,
				7A0EFDFD1C3356BA00C7D4D0 /* Assets.xcassets in Resources */,
				7A0EFE731C33B05700C7D4D0 /* 3.jpg in Resources */,
				7A0EFE711C33B05700C7D4D0 /* 1.jpg in Resources */,
				7A0EFE751C33B05700C7D4D0 /* 5.jpg in Resources */,
				7A0EFE001C3356BA00C7D4D0 /* LaunchScreen.storyboard in Resources */,
			);
			runOnlyForDeploymentPostprocessing = 0;
		};
/* End PBXResourcesBuildPhase section */

/* Begin PBXShellScriptBuildPhase section */
		7D292BFC18A4F92B7DDA079E /* Embed Pods Frameworks */ = {
			isa = PBXShellScriptBuildPhase;
			buildActionMask = 2147483647;
			files = (
			);
			inputPaths = (
			);
			name = "Embed Pods Frameworks";
			outputPaths = (
			);
			runOnlyForDeploymentPostprocessing = 0;
			shellPath = /bin/sh;
			shellScript = "\"${SRCROOT}/Pods/Target Support Files/Pods/Pods-frameworks.sh\"\n";
			showEnvVarsInLog = 0;
		};
		9C5993B02CBB4F5B1DB8FD67 /* Copy Pods Resources */ = {
			isa = PBXShellScriptBuildPhase;
			buildActionMask = 2147483647;
			files = (
			);
			inputPaths = (
			);
			name = "Copy Pods Resources";
			outputPaths = (
			);
			runOnlyForDeploymentPostprocessing = 0;
			shellPath = /bin/sh;
			shellScript = "\"${SRCROOT}/Pods/Target Support Files/Pods/Pods-resources.sh\"\n";
			showEnvVarsInLog = 0;
		};
		AEE1EF50B1E92AC3DF6FA830 /* Check Pods Manifest.lock */ = {
			isa = PBXShellScriptBuildPhase;
			buildActionMask = 2147483647;
			files = (
			);
			inputPaths = (
			);
			name = "Check Pods Manifest.lock";
			outputPaths = (
			);
			runOnlyForDeploymentPostprocessing = 0;
			shellPath = /bin/sh;
			shellScript = "diff \"${PODS_ROOT}/../Podfile.lock\" \"${PODS_ROOT}/Manifest.lock\" > /dev/null\nif [[ $? != 0 ]] ; then\n    cat << EOM\nerror: The sandbox is not in sync with the Podfile.lock. Run 'pod install' or update your CocoaPods installation.\nEOM\n    exit 1\nfi\n";
			showEnvVarsInLog = 0;
		};
/* End PBXShellScriptBuildPhase section */

/* Begin PBXSourcesBuildPhase section */
		7A0EFDEF1C3356BA00C7D4D0 /* Sources */ = {
			isa = PBXSourcesBuildPhase;
			buildActionMask = 2147483647;
			files = (
				7A0EFDFB1C3356BA00C7D4D0 /* AppDelegate.m in Sources */,
				7A0EFE4C1C33AB7600C7D4D0 /* ThreeTableViewCell.m in Sources */,
				7A0EFE4A1C33AB7600C7D4D0 /* OneTableViewCell.m in Sources */,
				7A0EFDF81C3356BA00C7D4D0 /* main.m in Sources */,
				7A0EFE4D1C33AB7600C7D4D0 /* TwoTableViewCell.m in Sources */,
				7A0EFE4B1C33AB7600C7D4D0 /* OneViewController.m in Sources */,
			);
			runOnlyForDeploymentPostprocessing = 0;
		};
/* End PBXSourcesBuildPhase section */

/* Begin PBXVariantGroup section */
		7A0EFDFE1C3356BA00C7D4D0 /* LaunchScreen.storyboard */ = {
			isa = PBXVariantGroup;
			children = (
				7A0EFDFF1C3356BA00C7D4D0 /* Base */,
			);
			name = LaunchScreen.storyboard;
			sourceTree = "<group>";
		};
/* End PBXVariantGroup section */

/* Begin XCBuildConfiguration section */
		7A0EFE021C3356BA00C7D4D0 /* Debug */ = {
			isa = XCBuildConfiguration;
			buildSettings = {
				ALWAYS_SEARCH_USER_PATHS = NO;
				CLANG_CXX_LANGUAGE_STANDARD = "gnu++0x";
				CLANG_CXX_LIBRARY = "libc++";
				CLANG_ENABLE_MODULES = YES;
				CLANG_ENABLE_OBJC_ARC = YES;
				CLANG_WARN_BOOL_CONVERSION = YES;
				CLANG_WARN_CONSTANT_CONVERSION = YES;
				CLANG_WARN_DIRECT_OBJC_ISA_USAGE = YES_ERROR;
				CLANG_WARN_EMPTY_BODY = YES;
				CLANG_WARN_ENUM_CONVERSION = YES;
				CLANG_WARN_INT_CONVERSION = YES;
				CLANG_WARN_OBJC_ROOT_CLASS = YES_ERROR;
				CLANG_WARN_UNREACHABLE_CODE = YES;
				CLANG_WARN__DUPLICATE_METHOD_MATCH = YES;
				"CODE_SIGN_IDENTITY[sdk=iphoneos*]" = "iPhone Developer";
				COPY_PHASE_STRIP = NO;
				DEBUG_INFORMATION_FORMAT = dwarf;
				ENABLE_STRICT_OBJC_MSGSEND = YES;
				ENABLE_TESTABILITY = YES;
				GCC_C_LANGUAGE_STANDARD = gnu99;
				GCC_DYNAMIC_NO_PIC = NO;
				GCC_NO_COMMON_BLOCKS = YES;
				GCC_OPTIMIZATION_LEVEL = 0;
				GCC_PREPROCESSOR_DEFINITIONS = (
					"DEBUG=1",
					"$(inherited)",
				);
				GCC_WARN_64_TO_32_BIT_CONVERSION = YES;
				GCC_WARN_ABOUT_RETURN_TYPE = YES_ERROR;
				GCC_WARN_UNDECLARED_SELECTOR = YES;
				GCC_WARN_UNINITIALIZED_AUTOS = YES_AGGRESSIVE;
				GCC_WARN_UNUSED_FUNCTION = YES;
				GCC_WARN_UNUSED_VARIABLE = YES;
				IPHONEOS_DEPLOYMENT_TARGET = 9.2;
				MTL_ENABLE_DEBUG_INFO = YES;
				ONLY_ACTIVE_ARCH = YES;
				SDKROOT = iphoneos;
			};
			name = Debug;
		};
		7A0EFE031C3356BA00C7D4D0 /* Release */ = {
			isa = XCBuildConfiguration;
			buildSettings = {
				ALWAYS_SEARCH_USER_PATHS = NO;
				CLANG_CXX_LANGUAGE_STANDARD = "gnu++0x";
				CLANG_CXX_LIBRARY = "libc++";
				CLANG_ENABLE_MODULES = YES;
				CLANG_ENABLE_OBJC_ARC = YES;
				CLANG_WARN_BOOL_CONVERSION = YES;
				CLANG_WARN_CONSTANT_CONVERSION = YES;
				CLANG_WARN_DIRECT_OBJC_ISA_USAGE = YES_ERROR;
				CLANG_WARN_EMPTY_BODY = YES;
				CLANG_WARN_ENUM_CONVERSION = YES;
				CLANG_WARN_INT_CONVERSION = YES;
				CLANG_WARN_OBJC_ROOT_CLASS = YES_ERROR;
				CLANG_WARN_UNREACHABLE_CODE = YES;
				CLANG_WARN__DUPLICATE_METHOD_MATCH = YES;
				"CODE_SIGN_IDENTITY[sdk=iphoneos*]" = "iPhone Developer";
				COPY_PHASE_STRIP = NO;
				DEBUG_INFORMATION_FORMAT = "dwarf-with-dsym";
				ENABLE_NS_ASSERTIONS = NO;
				ENABLE_STRICT_OBJC_MSGSEND = YES;
				GCC_C_LANGUAGE_STANDARD = gnu99;
				GCC_NO_COMMON_BLOCKS = YES;
				GCC_WARN_64_TO_32_BIT_CONVERSION = YES;
				GCC_WARN_ABOUT_RETURN_TYPE = YES_ERROR;
				GCC_WARN_UNDECLARED_SELECTOR = YES;
				GCC_WARN_UNINITIALIZED_AUTOS = YES_AGGRESSIVE;
				GCC_WARN_UNUSED_FUNCTION = YES;
				GCC_WARN_UNUSED_VARIABLE = YES;
				IPHONEOS_DEPLOYMENT_TARGET = 9.2;
				MTL_ENABLE_DEBUG_INFO = NO;
				SDKROOT = iphoneos;
				VALIDATE_PRODUCT = YES;
			};
			name = Release;
		};
		7A0EFE051C3356BA00C7D4D0 /* Debug */ = {
			isa = XCBuildConfiguration;
			baseConfigurationReference = 782C9E2E31B5855B3600F787 /* Pods.debug.xcconfig */;
			buildSettings = {
				ASSETCATALOG_COMPILER_APPICON_NAME = AppIcon;
				INFOPLIST_FILE = WangYi/Info.plist;
				LD_RUNPATH_SEARCH_PATHS = "$(inherited) @executable_path/Frameworks";
				PRODUCT_BUNDLE_IDENTIFIER = zhangli.WangYi;
				PRODUCT_NAME = "$(TARGET_NAME)";
			};
			name = Debug;
		};
		7A0EFE061C3356BA00C7D4D0 /* Release */ = {
			isa = XCBuildConfiguration;
			baseConfigurationReference = 4F09388963205E552395E40A /* Pods.release.xcconfig */;
			buildSettings = {
				ASSETCATALOG_COMPILER_APPICON_NAME = AppIcon;
				INFOPLIST_FILE = WangYi/Info.plist;
				LD_RUNPATH_SEARCH_PATHS = "$(inherited) @executable_path/Frameworks";
				PRODUCT_BUNDLE_IDENTIFIER = zhangli.WangYi;
				PRODUCT_NAME = "$(TARGET_NAME)";
			};
			name = Release;
		};
/* End XCBuildConfiguration section */

/* Begin XCConfigurationList section */
		7A0EFDEE1C3356BA00C7D4D0 /* Build configuration list for PBXProject "WangYi" */ = {
			isa = XCConfigurationList;
			buildConfigurations = (
				7A0EFE021C3356BA00C7D4D0 /* Debug */,
				7A0EFE031C3356BA00C7D4D0 /* Release */,
			);
			defaultConfigurationIsVisible = 0;
			defaultConfigurationName = Release;
		};
		7A0EFE041C3356BA00C7D4D0 /* Build configuration list for PBXNativeTarget "WangYi" */ = {
			isa = XCConfigurationList;
			buildConfigurations = (
				7A0EFE051C3356BA00C7D4D0 /* Debug */,
				7A0EFE061C3356BA00C7D4D0 /* Release */,
			);
			defaultConfigurationIsVisible = 0;
			defaultConfigurationName = Release;
		};
/* End XCConfigurationList section */
	};
	rootObject = 7A0EFDEB1C3356BA00C7D4D0 /* Project object */;
}
